
Microsoft Visual Studio Solution File, Format Version 12.00
# Visual Studio Version 17
VisualStudioVersion = 17.3.32804.467
MinimumVisualStudioVersion = 10.0.40219.1
Project("{2150E333-8FDC-42A3-9474-1A3956D46DE8}") = "src", "src", "{89E0EB4B-CA02-48F1-83C4-A78740BA6855}"
EndProject
Project("{2150E333-8FDC-42A3-9474-1A3956D46DE8}") = "corePackages", "corePackages", "{F1658551-221F-4ACC-87F6-066CAB1D7DE0}"
EndProject
Project("{2150E333-8FDC-42A3-9474-1A3956D46DE8}") = "demoProjects", "demoProjects", "{4A459D7D-E136-491C-989D-13A7419FEFA7}"
EndProject
Project("{2150E333-8FDC-42A3-9474-1A3956D46DE8}") = "project", "project", "{4F76A85D-3BC9-4262-A2E9-95F13E4855AB}"
EndProject
Project("{9A19103F-16F7-4668-BE54-9A1E7A4F7556}") = "project.Application", "src\demoProjects\project\project.Application\project.Application.csproj", "{527BAD2A-ACB8-4AB5-8A80-52EF969FA32A}"
EndProject
Project("{9A19103F-16F7-4668-BE54-9A1E7A4F7556}") = "project.Domain", "src\demoProjects\project\project.Domain\project.Domain.csproj", "{DB065897-5388-4B72-9A1D-A90DB6788F83}"
EndProject
Project("{9A19103F-16F7-4668-BE54-9A1E7A4F7556}") = "project.Infrastructure", "src\demoProjects\project\project.Infrastructure\project.Infrastructure.csproj", "{015F1743-F7B4-4162-9757-BD4CA339D013}"
EndProject
Project("{9A19103F-16F7-4668-BE54-9A1E7A4F7556}") = "Core.Application", "src\corePackages\Core.Application\Core.Application.csproj", "{30BB3F8F-515D-4787-8CB7-75EB561EC76A}"
EndProject
Project("{9A19103F-16F7-4668-BE54-9A1E7A4F7556}") = "Core.CrossCuttingConcerns", "src\corePackages\Core.CrossCuttingConcerns\Core.CrossCuttingConcerns.csproj", "{A63E4B8F-AFCE-45D3-8A01-A6BF197FB129}"
EndProject
Project("{9A19103F-16F7-4668-BE54-9A1E7A4F7556}") = "Core.ElasticSearch", "src\corePackages\Core.ElasticSearch\Core.ElasticSearch.csproj", "{54735385-D9D5-487F-B300-FAFD13585CCC}"
EndProject
Project("{9A19103F-16F7-4668-BE54-9A1E7A4F7556}") = "Core.Mailing", "src\corePackages\Core.Mailing\Core.Mailing.csproj", "{6B067640-FE44-44BB-B523-E5CCB12CC9C8}"
EndProject
Project("{9A19103F-16F7-4668-BE54-9A1E7A4F7556}") = "Core.Persistence", "src\corePackages\Core.Persistence\Core.Persistence.csproj", "{7D7867C1-31AE-498F-8A2F-DDEE2AED808A}"
EndProject
Project("{9A19103F-16F7-4668-BE54-9A1E7A4F7556}") = "Core.Security", "src\corePackages\Core.Security\Core.Security.csproj", "{0F1549ED-9C37-463E-881E-759AA1C88CC4}"
EndProject
Project("{9A19103F-16F7-4668-BE54-9A1E7A4F7556}") = "project.Persistence", "src\demoProjects\project\project.Persistance\project.Persistence.csproj", "{83D7CD70-8CAE-47C7-A8D8-AD3572E66537}"
EndProject
Project("{9A19103F-16F7-4668-BE54-9A1E7A4F7556}") = "project.WebAPI", "src\demoProjects\project\project.WebAPI\project.WebAPI.csproj", "{A7EB82D8-FB5B-4B6F-8D5B-5E7E193139EB}"
EndProject
Global
	GlobalSection(SolutionConfigurationPlatforms) = preSolution
		Debug|Any CPU = Debug|Any CPU
		Release|Any CPU = Release|Any CPU
	EndGlobalSection
	GlobalSection(ProjectConfigurationPlatforms) = postSolution
		{527BAD2A-ACB8-4AB5-8A80-52EF969FA32A}.Debug|Any CPU.ActiveCfg = Debug|Any CPU
		{527BAD2A-ACB8-4AB5-8A80-52EF969FA32A}.Debug|Any CPU.Build.0 = Debug|Any CPU
		{527BAD2A-ACB8-4AB5-8A80-52EF969FA32A}.Release|Any CPU.ActiveCfg = Release|Any CPU
		{527BAD2A-ACB8-4AB5-8A80-52EF969FA32A}.Release|Any CPU.Build.0 = Release|Any CPU
		{DB065897-5388-4B72-9A1D-A90DB6788F83}.Debug|Any CPU.ActiveCfg = Debug|Any CPU
		{DB065897-5388-4B72-9A1D-A90DB6788F83}.Debug|Any CPU.Build.0 = Debug|Any CPU
		{DB065897-5388-4B72-9A1D-A90DB6788F83}.Release|Any CPU.ActiveCfg = Release|Any CPU
		{DB065897-5388-4B72-9A1D-A90DB6788F83}.Release|Any CPU.Build.0 = Release|Any CPU
		{015F1743-F7B4-4162-9757-BD4CA339D013}.Debug|Any CPU.ActiveCfg = Debug|Any CPU
		{015F1743-F7B4-4162-9757-BD4CA339D013}.Debug|Any CPU.Build.0 = Debug|Any CPU
		{015F1743-F7B4-4162-9757-BD4CA339D013}.Release|Any CPU.ActiveCfg = Release|Any CPU
		{015F1743-F7B4-4162-9757-BD4CA339D013}.Release|Any CPU.Build.0 = Release|Any CPU
		{30BB3F8F-515D-4787-8CB7-75EB561EC76A}.Debug|Any CPU.ActiveCfg = Debug|Any CPU
		{30BB3F8F-515D-4787-8CB7-75EB561EC76A}.Debug|Any CPU.Build.0 = Debug|Any CPU
		{30BB3F8F-515D-4787-8CB7-75EB561EC76A}.Release|Any CPU.ActiveCfg = Release|Any CPU
		{30BB3F8F-515D-4787-8CB7-75EB561EC76A}.Release|Any CPU.Build.0 = Release|Any CPU
		{A63E4B8F-AFCE-45D3-8A01-A6BF197FB129}.Debug|Any CPU.ActiveCfg = Debug|Any CPU
		{A63E4B8F-AFCE-45D3-8A01-A6BF197FB129}.Debug|Any CPU.Build.0 = Debug|Any CPU
		{A63E4B8F-AFCE-45D3-8A01-A6BF197FB129}.Release|Any CPU.ActiveCfg = Release|Any CPU
		{A63E4B8F-AFCE-45D3-8A01-A6BF197FB129}.Release|Any CPU.Build.0 = Release|Any CPU
		{54735385-D9D5-487F-B300-FAFD13585CCC}.Debug|Any CPU.ActiveCfg = Debug|Any CPU
		{54735385-D9D5-487F-B300-FAFD13585CCC}.Debug|Any CPU.Build.0 = Debug|Any CPU
		{54735385-D9D5-487F-B300-FAFD13585CCC}.Release|Any CPU.ActiveCfg = Release|Any CPU
		{54735385-D9D5-487F-B300-FAFD13585CCC}.Release|Any CPU.Build.0 = Release|Any CPU
		{6B067640-FE44-44BB-B523-E5CCB12CC9C8}.Debug|Any CPU.ActiveCfg = Debug|Any CPU
		{6B067640-FE44-44BB-B523-E5CCB12CC9C8}.Debug|Any CPU.Build.0 = Debug|Any CPU
		{6B067640-FE44-44BB-B523-E5CCB12CC9C8}.Release|Any CPU.ActiveCfg = Release|Any CPU
		{6B067640-FE44-44BB-B523-E5CCB12CC9C8}.Release|Any CPU.Build.0 = Release|Any CPU
		{7D7867C1-31AE-498F-8A2F-DDEE2AED808A}.Debug|Any CPU.ActiveCfg = Debug|Any CPU
		{7D7867C1-31AE-498F-8A2F-DDEE2AED808A}.Debug|Any CPU.Build.0 = Debug|Any CPU
		{7D7867C1-31AE-498F-8A2F-DDEE2AED808A}.Release|Any CPU.ActiveCfg = Release|Any CPU
		{7D7867C1-31AE-498F-8A2F-DDEE2AED808A}.Release|Any CPU.Build.0 = Release|Any CPU
		{0F1549ED-9C37-463E-881E-759AA1C88CC4}.Debug|Any CPU.ActiveCfg = Debug|Any CPU
		{0F1549ED-9C37-463E-881E-759AA1C88CC4}.Debug|Any CPU.Build.0 = Debug|Any CPU
		{0F1549ED-9C37-463E-881E-759AA1C88CC4}.Release|Any CPU.ActiveCfg = Release|Any CPU
		{0F1549ED-9C37-463E-881E-759AA1C88CC4}.Release|Any CPU.Build.0 = Release|Any CPU
		{83D7CD70-8CAE-47C7-A8D8-AD3572E66537}.Debug|Any CPU.ActiveCfg = Debug|Any CPU
		{83D7CD70-8CAE-47C7-A8D8-AD3572E66537}.Debug|Any CPU.Build.0 = Debug|Any CPU
		{83D7CD70-8CAE-47C7-A8D8-AD3572E66537}.Release|Any CPU.ActiveCfg = Release|Any CPU
		{83D7CD70-8CAE-47C7-A8D8-AD3572E66537}.Release|Any CPU.Build.0 = Release|Any CPU
		{A7EB82D8-FB5B-4B6F-8D5B-5E7E193139EB}.Debug|Any CPU.ActiveCfg = Debug|Any CPU
		{A7EB82D8-FB5B-4B6F-8D5B-5E7E193139EB}.Debug|Any CPU.Build.0 = Debug|Any CPU
		{A7EB82D8-FB5B-4B6F-8D5B-5E7E193139EB}.Release|Any CPU.ActiveCfg = Release|Any CPU
		{A7EB82D8-FB5B-4B6F-8D5B-5E7E193139EB}.Release|Any CPU.Build.0 = Release|Any CPU
	EndGlobalSection
	GlobalSection(SolutionProperties) = preSolution
		HideSolutionNode = FALSE
	EndGlobalSection
	GlobalSection(NestedProjects) = preSolution
		{F1658551-221F-4ACC-87F6-066CAB1D7DE0} = {89E0EB4B-CA02-48F1-83C4-A78740BA6855}
		{4A459D7D-E136-491C-989D-13A7419FEFA7} = {89E0EB4B-CA02-48F1-83C4-A78740BA6855}
		{4F76A85D-3BC9-4262-A2E9-95F13E4855AB} = {4A459D7D-E136-491C-989D-13A7419FEFA7}
		{527BAD2A-ACB8-4AB5-8A80-52EF969FA32A} = {4F76A85D-3BC9-4262-A2E9-95F13E4855AB}
		{DB065897-5388-4B72-9A1D-A90DB6788F83} = {4F76A85D-3BC9-4262-A2E9-95F13E4855AB}
		{015F1743-F7B4-4162-9757-BD4CA339D013} = {4F76A85D-3BC9-4262-A2E9-95F13E4855AB}
		{30BB3F8F-515D-4787-8CB7-75EB561EC76A} = {F1658551-221F-4ACC-87F6-066CAB1D7DE0}
		{A63E4B8F-AFCE-45D3-8A01-A6BF197FB129} = {F1658551-221F-4ACC-87F6-066CAB1D7DE0}
		{54735385-D9D5-487F-B300-FAFD13585CCC} = {F1658551-221F-4ACC-87F6-066CAB1D7DE0}
		{6B067640-FE44-44BB-B523-E5CCB12CC9C8} = {F1658551-221F-4ACC-87F6-066CAB1D7DE0}
		{7D7867C1-31AE-498F-8A2F-DDEE2AED808A} = {F1658551-221F-4ACC-87F6-066CAB1D7DE0}
		{0F1549ED-9C37-463E-881E-759AA1C88CC4} = {F1658551-221F-4ACC-87F6-066CAB1D7DE0}
		{83D7CD70-8CAE-47C7-A8D8-AD3572E66537} = {4F76A85D-3BC9-4262-A2E9-95F13E4855AB}
		{A7EB82D8-FB5B-4B6F-8D5B-5E7E193139EB} = {4F76A85D-3BC9-4262-A2E9-95F13E4855AB}
	EndGlobalSection
	GlobalSection(ExtensibilityGlobals) = postSolution
		SolutionGuid = {C5943E64-21B7-4FB1-9411-6D5AE33F43AF}
	EndGlobalSection
EndGlobal
